PODS:
  - Capacitor (8.4.1):
    - CapacitorCordova
  - CapacitorCommunitySafeArea (8.0.1):
    - Capacitor
  - CapacitorCordova (8.4.1)

DEPENDENCIES:
  - "Capacitor (from `../../node_modules/@capacitor/ios`)"
  - "CapacitorCommunitySafeArea (from `../../node_modules/@capacitor-community/safe-area`)"
  - "CapacitorCordova (from `../../node_modules/@capacitor/ios`)"

EXTERNAL SOURCES:
  Capacitor:
    :path: "../../node_modules/@capacitor/ios"
  CapacitorCommunitySafeArea:
    :path: "../../node_modules/@capacitor-community/safe-area"
  CapacitorCordova:
    :path: "../../node_modules/@capacitor/ios"

SPEC CHECKSUMS:
  Capacitor: 35242afe195b1e53c58ca1b827d1b444c5e6602b
  CapacitorCommunitySafeArea: 91738f4ae7f47d2d94e06e429e16fb73cd8fdc48
  CapacitorCordova: eebe6bcf807b1b06f3f48237650f96bbcd0eef09

PODFILE CHECKSUM: 5652f2d0d7ca24b824e83d76c219e94b5d72d413

COCOAPODS: 1.16.2
